
Microsoft Visual Studio Solution File, Format Version 12.00
# Visual Studio Version 16
VisualStudioVersion = 16.0.31702.278
MinimumVisualStudioVersion = 10.0.40219.1
Project("{888888A0-9F3D-457C-B088-3A5042F75D52}") = "Luke_Ch2", "Luke_Ch2\Luke_Ch2.pyproj", "{16357B41-A5BD-4CA6-B65E-D666BF350D69}"
EndProject
Global
	GlobalSection(SolutionConfigurationPlatforms) = preSolution
		Debug|Any CPU = Debug|Any CPU
		Release|Any CPU = Release|Any CPU
	EndGlobalSection
	GlobalSection(ProjectConfigurationPlatforms) = postSolution
		{16357B41-A5BD-4CA6-B65E-D666BF350D69}.Debug|Any CPU.ActiveCfg = Debug|Any CPU
		{16357B41-A5BD-4CA6-B65E-D666BF350D69}.Release|Any CPU.ActiveCfg = Release|Any CPU
	EndGlobalSection
	GlobalSection(SolutionProperties) = preSolution
		HideSolutionNode = FALSE
	EndGlobalSection
	GlobalSection(ExtensibilityGlobals) = postSolution
		SolutionGuid = {4452F39A-FD69-445E-B70E-72F30FE360C8}
	EndGlobalSection
EndGlobal
